{
  "originHash" : "1b8a482480dafe144f956d66cad37ae1822216b2451c0145e0fdb3603b11f055",
  "pins" : [
    {
      "identity" : "ios-messaging-sdk",
      "kind" : "remoteSourceControl",
      "location" : "https://github.com/BlendVision/iOS-Messaging-SDK",
      "state" : {
        "revision" : "fcfaaf71128a4aeeae8b3983e46149eefd8a0d76",
        "version" : "1.3.1"
      }
    }
  ],
  "version" : 3
}
