{
  "originHash" : "cebf05f1da0c937f26d98d9464bc4fdf8632c24af877f8f7b88d40ea2143b8f2",
  "pins" : [
    {
      "identity" : "ios-messaging-sdk",
      "kind" : "remoteSourceControl",
      "location" : "https://github.com/BlendVision/ios-messaging-sdk",
      "state" : {
        "revision" : "9d7a637a5adf6722f1bb7217423978a45234fd9d",
        "version" : "1.0.2"
      }
    }
  ],
  "version" : 3
}
