{
  "originHash" : "1b8a482480dafe144f956d66cad37ae1822216b2451c0145e0fdb3603b11f055",
  "pins" : [
    {
      "identity" : "ios-messaging-sdk",
      "kind" : "remoteSourceControl",
      "location" : "https://github.com/BlendVision/iOS-Messaging-SDK",
      "state" : {
        "revision" : "74726b9908dd26fee3b6fece96ce00898b971960",
        "version" : "1.4.1"
      }
    }
  ],
  "version" : 3
}
